[[tools."cargo:cargo-machete"]]
version = "0.9.1"
backend = "cargo:cargo-machete"

[[tools."cargo:cargo-tarpaulin"]]
version = "0.35.1"
backend = "cargo:cargo-tarpaulin"

[[tools.prek]]
version = "0.3.0"
backend = "aqua:j178/prek"
"platforms.linux-arm64" = { checksum = "sha256:8230ec50172a934c0b616b249243e37ccf8b7ada8e5c71bd09d08e508a4ed0c8", url = "https://github.com/j178/prek/releases/download/v0.3.0/prek-aarch64-unknown-linux-musl.tar.gz"}
"platforms.linux-x64" = { checksum = "sha256:d3b4059b4ef630cdff090578e74273e329a76f0dce22bcf78cdfd59df8eb174c", url = "https://github.com/j178/prek/releases/download/v0.3.0/prek-x86_64-unknown-linux-musl.tar.gz"}
"platforms.macos-arm64" = { checksum = "sha256:9ab0d19a38ce659fe88a1d76ff94b9fd23c31e30be0b22ee94c24fbd92509008", url = "https://github.com/j178/prek/releases/download/v0.3.0/prek-aarch64-apple-darwin.tar.gz"}
"platforms.macos-x64" = { checksum = "sha256:53ddbc9c6aea7afb6ff9e0b41303881844a0ec956f803f751365f5c3c45d373c", url = "https://github.com/j178/prek/releases/download/v0.3.0/prek-x86_64-apple-darwin.tar.gz"}
"platforms.windows-x64" = { checksum = "sha256:cff9e2f372f7f5a31578e402938a629e45567c8f0ae3a098d269c776d97e43c8", url = "https://github.com/j178/prek/releases/download/v0.3.0/prek-x86_64-pc-windows-msvc.zip"}

[[tools.rust]]
version = "1.93.0"
backend = "core:rust"
