{
  "name": "@asyrjasalo/augent",
  "bundles": [
    {
      "name": "@davila7/claude-code-templates/devops-automation",
      "description": "DevOps automation suite with CI/CD, infrastructure management, and deployment orchestration",
      "version": "1.0.0",
      "source": {
        "type": "git",
        "url": "https://github.com/davila7/claude-code-templates.git",
        "path": "$plugin/devops-automation",
        "ref": "main",
        "sha": "1c194fd27b9cb37a5ef68b213578c586b1072ce3",
        "hash": "blake3:623976907d39b71fa77cbc1e7534fb58582301b35b9b3942f5174d7ba921e290"
      },
      "files": [
        "agents/cloud-architect.md"
      ]
    },
    {
      "name": "@davila7/claude-code-templates/ai-ml-toolkit",
      "description": "AI and Machine Learning development suite with data engineering and model deployment tools",
      "version": "1.0.0",
      "source": {
        "type": "git",
        "url": "https://github.com/davila7/claude-code-templates.git",
        "path": "$plugin/ai-ml-toolkit",
        "ref": "main",
        "sha": "1c194fd27b9cb37a5ef68b213578c586b1072ce3",
        "hash": "blake3:939c22f381d9d7a63e2d56920298b1c0ba8ff37e9ddc50b72f93e018f17780d8"
      },
      "files": [
        "agents/computer-vision-engineer.md",
        "agents/ml-engineer.md",
        "agents/mlops-engineer.md",
        "agents/ai-engineer.md",
        "agents/nlp-engineer.md"
      ]
    },
    {
      "name": "@davila7/claude-code-templates/nextjs-vercel-pro",
      "description": "Complete Next.js and Vercel development toolkit with deployment automation and performance optimization",
      "version": "1.0.0",
      "source": {
        "type": "git",
        "url": "https://github.com/davila7/claude-code-templates.git",
        "path": "$plugin/nextjs-vercel-pro",
        "ref": "main",
        "sha": "1c194fd27b9cb37a5ef68b213578c586b1072ce3",
        "hash": "blake3:6325967bbbbf4687f9a1d8be06a13eac653f232b8be70c9b713560ce3042d014"
      },
      "files": [
        "commands/nextjs-scaffold.md",
        "commands/nextjs-component-generator.md",
        "commands/vercel-env-sync.md",
        "commands/nextjs-api-tester.md",
        "commands/nextjs-performance-audit.md",
        "commands/vercel-edge-function.md",
        "commands/vercel-deploy-optimize.md",
        "agents/fullstack-developer.md",
        "agents/frontend-developer.md"
      ]
    },
    {
      "name": "@davila7/claude-code-templates/git-workflow",
      "description": "Git workflow automation: feature, release, and hotfix commands with git specialists",
      "version": "1.0.0",
      "source": {
        "type": "git",
        "url": "https://github.com/davila7/claude-code-templates.git",
        "path": "$plugin/git-workflow",
        "ref": "main",
        "sha": "1c194fd27b9cb37a5ef68b213578c586b1072ce3",
        "hash": "blake3:4271eb9ed9366aed614f89bef45c1a8f35cb2cff683b7bbbcd7c31e856a423e2"
      },
      "files": [
        "commands/flow-status.md",
        "commands/finish.md",
        "commands/hotfix.md",
        "commands/release.md",
        "commands/feature.md",
        "agents/git-flow-manager.md"
      ]
    }
  ]
}