{
  "name": "@asyrjasalo/augent",
  "bundles": [
    {
      "name": "@asyrjasalo/augent",
      "source": {
        "type": "dir",
        "path": ".augent",
        "hash": "blake3:430213be550b7257bb4bc377b7ccc4e2eee7a3b5ac1255c22b135c1ae3bec338"
      },
      "files": [
        "agents/ai-engineer.md"
      ]
    }
  ]
}