{
  "name": "test_final",
  "bundles": [
    {
      "name": "my-library-name",
      "source": {
        "type": "dir",
        "path": "my-library",
        "hash": "blake3:74d2470d75b6c9eb3a38da01b9209f0812aa6a92296207a4c834d0dfaf7eb405"
      },
      "files": [
        "commands/test.md"
      ]
    },
    {
      "name": "test_final",
      "source": {
        "type": "dir",
        "path": ".augent",
        "hash": "blake3:37f2d40c8c223cb14963c5afafb1478be399334151973496fbc7308d61117d02"
      },
      "files": []
    }
  ]
}
